Microsoft Visual Studio Solution File, Format Version 12.00
# Visual Studio Version 17
VisualStudioVersion = 17.8.34322.80
MinimumVisualStudioVersion = 10.0.40219.1
Project("{2150E333-8FDC-42A3-9474-1A3956D46DE8}") = "admin", "admin", "{588205D4-3A30-4DA4-849D-C7422C396DAA}"
EndProject
Project("{2150E333-8FDC-42A3-9474-1A3956D46DE8}") = "tests", "tests", "{0BC0CC4E-A0F1-45E8-B41A-AE0FA76BF3E5}"
EndProject
Project("{9A19103F-16F7-4668-BE54-9A1E7A4F7556}") = "IdentityServer8.Admin", "src\IdentityServer8.Admin\IdentityServer8.Admin.csproj", "{E3713598-3375-4E81-9EC7-58DC090789BD}"
EndProject
Project("{2150E333-8FDC-42A3-9474-1A3956D46DE8}") = "sts", "sts", "{63D44665-AC4C-45F4-A2C7-A7DB394F44C4}"
EndProject
Project("{9A19103F-16F7-4668-BE54-9A1E7A4F7556}") = "IdentityServer8.Admin.EntityFramework", "src\IdentityServer8.Admin.EntityFramework\IdentityServer8.Admin.EntityFramework.csproj", "{D9F5B8B1-01F5-4996-8E75-A41532CF32CD}"
EndProject
Project("{9A19103F-16F7-4668-BE54-9A1E7A4F7556}") = "IdentityServer8.Admin.BusinessLogic", "src\IdentityServer8.Admin.BusinessLogic\IdentityServer8.Admin.BusinessLogic.csproj", "{491B30A8-D4A1-42E8-8DEE-4093E0E45C36}"
EndProject
Project("{9A19103F-16F7-4668-BE54-9A1E7A4F7556}") = "IdentityServer8.STS.Identity", "src\IdentityServer8.STS.Identity\IdentityServer8.STS.Identity.csproj", "{72F17B1A-88D9-47FD-AA35-1C700E51CD0E}"
EndProject
Project("{9A19103F-16F7-4668-BE54-9A1E7A4F7556}") = "IdentityServer8.Admin.EntityFramework.Identity", "src\IdentityServer8.Admin.EntityFramework.Identity\IdentityServer8.Admin.EntityFramework.Identity.csproj", "{2FAECDE3-8D21-4C36-BFF1-3F7C1A56F0D4}"
EndProject
Project("{9A19103F-16F7-4668-BE54-9A1E7A4F7556}") = "IdentityServer8.Admin.BusinessLogic.Shared", "src\IdentityServer8.Admin.BusinessLogic.Shared\IdentityServer8.Admin.BusinessLogic.Shared.csproj", "{C360A0D5-1671-4738-BC5D-BED0E8A24D66}"
EndProject
Project("{9A19103F-16F7-4668-BE54-9A1E7A4F7556}") = "IdentityServer8.Admin.BusinessLogic.Identity", "src\IdentityServer8.Admin.BusinessLogic.Identity\IdentityServer8.Admin.BusinessLogic.Identity.csproj", "{CA63CC7B-BE27-4737-AE91-42E43F729A1E}"
EndProject
Project("{9A19103F-16F7-4668-BE54-9A1E7A4F7556}") = "IdentityServer8.Admin.Api", "src\IdentityServer8.Admin.Api\IdentityServer8.Admin.Api.csproj", "{8F112368-2E45-4C3A-922E-85AB6056F559}"
EndProject
Project("{9A19103F-16F7-4668-BE54-9A1E7A4F7556}") = "IdentityServer8.Admin.EntityFramework.Shared", "src\IdentityServer8.Admin.EntityFramework.Shared\IdentityServer8.Admin.EntityFramework.Shared.csproj", "{E18F8C70-7448-4039-9D78-1369D7F498EF}"
EndProject
Project("{9A19103F-16F7-4668-BE54-9A1E7A4F7556}") = "IdentityServer8.Admin.EntityFramework.Extensions", "src\IdentityServer8.Admin.EntityFramework.Extensions\IdentityServer8.Admin.EntityFramework.Extensions.csproj", "{2DD3CB7D-462E-4039-B684-81B1E88C7C6A}"
EndProject
Project("{9A19103F-16F7-4668-BE54-9A1E7A4F7556}") = "IdentityServer8.Admin.EntityFramework.SqlServer", "src\IdentityServer8.Admin.EntityFramework.SqlServer\IdentityServer8.Admin.EntityFramework.SqlServer.csproj", "{8230366D-81F9-4FA5-8F5D-8546B527F54F}"
EndProject
Project("{9A19103F-16F7-4668-BE54-9A1E7A4F7556}") = "IdentityServer8.Admin.EntityFramework.PostgreSQL", "src\IdentityServer8.Admin.EntityFramework.PostgreSQL\IdentityServer8.Admin.EntityFramework.PostgreSQL.csproj", "{3ECDC91E-0D3E-4E4D-A34E-D33BB714578D}"
EndProject
Project("{2150E333-8FDC-42A3-9474-1A3956D46DE8}") = "database", "database", "{2A514C8F-6A53-41CA-AB41-B644E7BC92A7}"
EndProject
Project("{2150E333-8FDC-42A3-9474-1A3956D46DE8}") = "business", "business", "{EE588CE5-51D0-4E98-A2B3-40EC8E655931}"
EndProject
Project("{9A19103F-16F7-4668-BE54-9A1E7A4F7556}") = "IdentityServer8.Admin.EntityFramework.MySql", "src\IdentityServer8.Admin.EntityFramework.MySql\IdentityServer8.Admin.EntityFramework.MySql.csproj", "{0A8A0DB7-0509-4DFB-9201-74398511B481}"
EndProject
Project("{9A19103F-16F7-4668-BE54-9A1E7A4F7556}") = "IdentityServer8.Shared", "src\IdentityServer8.Shared\IdentityServer8.Shared.csproj", "{61B285F0-EE06-4AEE-AAF3-71492CBD11C5}"
EndProject
Project("{9A19103F-16F7-4668-BE54-9A1E7A4F7556}") = "IdentityServer8.Admin.UI", "src\IdentityServer8.Admin.UI\IdentityServer8.Admin.UI.csproj", "{6DD24C2C-0FB5-4C37-8B42-5DACA0FDE4EC}"
EndProject
Project("{9A19103F-16F7-4668-BE54-9A1E7A4F7556}") = "IdentityServer8.Admin.EntityFramework.Configuration", "src\IdentityServer8.Admin.EntityFramework.Configuration\IdentityServer8.Admin.EntityFramework.Configuration.csproj", "{45FB23BE-A7F9-4172-8868-B5E387007644}"
EndProject
Project("{9A19103F-16F7-4668-BE54-9A1E7A4F7556}") = "IdentityServer8.Shared.Configuration", "src\IdentityServer8.Shared.Configuration\IdentityServer8.Shared.Configuration.csproj", "{D49A2D61-AEEB-457C-B3BA-D1322EB2F4EC}"
EndProject
Project("{2150E333-8FDC-42A3-9474-1A3956D46DE8}") = "Solution Files", "Solution Files", "{6C40BE8B-71E6-4B9E-880D-48F91D0733C8}"
	ProjectSection(SolutionItems) = preProject
		Directory.Build.props = Directory.Build.props
		Directory.Build.targets = Directory.Build.targets
		Directory.Packages.props = Directory.Packages.props
		IdentityServer8.Admin.sln.licenseheader = IdentityServer8.Admin.sln.licenseheader
		LICENSE = LICENSE
		LICENSE.md = LICENSE.md
		Nuget.Config = Nuget.Config
		README.md = README.md
	EndProjectSection
EndProject
Project("{9A19103F-16F7-4668-BE54-9A1E7A4F7556}") = "IdentityServer8.Admin.Api.IntegrationTests", "src\IdentityServer8.Admin.Api.IntegrationTests\IdentityServer8.Admin.Api.IntegrationTests.csproj", "{C05451A2-CC77-4BCC-BD15-9F6CB2FD2EC2}"
EndProject
Project("{9A19103F-16F7-4668-BE54-9A1E7A4F7556}") = "IdentityServer8.Admin.IntegrationTests", "src\IdentityServer8.Admin.IntegrationTests\IdentityServer8.Admin.IntegrationTests.csproj", "{077541F6-22DC-4681-A330-46E652F46FAD}"
EndProject
Project("{9A19103F-16F7-4668-BE54-9A1E7A4F7556}") = "IdentityServer8.Admin.UnitTests", "src\IdentityServer8.Admin.UnitTests\IdentityServer8.Admin.UnitTests.csproj", "{B4222224-6279-4047-9F5A-95637B24EB05}"
EndProject
Project("{9A19103F-16F7-4668-BE54-9A1E7A4F7556}") = "IdentityServer8.STS.Identity.IntegrationTests", "src\IdentityServer8.STS.Identity.IntegrationTests\IdentityServer8.STS.Identity.IntegrationTests.csproj", "{B5654737-8A3E-48AF-A8E1-BE461BAAEAF9}"
EndProject
Global
	GlobalSection(SolutionConfigurationPlatforms) = preSolution
		Debug|Any CPU = Debug|Any CPU
		Release|Any CPU = Release|Any CPU
	EndGlobalSection
	GlobalSection(ProjectConfigurationPlatforms) = postSolution
		{E3713598-3375-4E81-9EC7-58DC090789BD}.Debug|Any CPU.ActiveCfg = Debug|Any CPU
		{E3713598-3375-4E81-9EC7-58DC090789BD}.Debug|Any CPU.Build.0 = Debug|Any CPU
		{E3713598-3375-4E81-9EC7-58DC090789BD}.Release|Any CPU.ActiveCfg = Release|Any CPU
		{E3713598-3375-4E81-9EC7-58DC090789BD}.Release|Any CPU.Build.0 = Release|Any CPU
		{D9F5B8B1-01F5-4996-8E75-A41532CF32CD}.Debug|Any CPU.ActiveCfg = Debug|Any CPU
		{D9F5B8B1-01F5-4996-8E75-A41532CF32CD}.Debug|Any CPU.Build.0 = Debug|Any CPU
		{D9F5B8B1-01F5-4996-8E75-A41532CF32CD}.Release|Any CPU.ActiveCfg = Release|Any CPU
		{D9F5B8B1-01F5-4996-8E75-A41532CF32CD}.Release|Any CPU.Build.0 = Release|Any CPU
		{491B30A8-D4A1-42E8-8DEE-4093E0E45C36}.Debug|Any CPU.ActiveCfg = Debug|Any CPU
		{491B30A8-D4A1-42E8-8DEE-4093E0E45C36}.Debug|Any CPU.Build.0 = Debug|Any CPU
		{491B30A8-D4A1-42E8-8DEE-4093E0E45C36}.Release|Any CPU.ActiveCfg = Release|Any CPU
		{491B30A8-D4A1-42E8-8DEE-4093E0E45C36}.Release|Any CPU.Build.0 = Release|Any CPU
		{72F17B1A-88D9-47FD-AA35-1C700E51CD0E}.Debug|Any CPU.ActiveCfg = Debug|Any CPU
		{72F17B1A-88D9-47FD-AA35-1C700E51CD0E}.Debug|Any CPU.Build.0 = Debug|Any CPU
		{72F17B1A-88D9-47FD-AA35-1C700E51CD0E}.Release|Any CPU.ActiveCfg = Release|Any CPU
		{72F17B1A-88D9-47FD-AA35-1C700E51CD0E}.Release|Any CPU.Build.0 = Release|Any CPU
		{2FAECDE3-8D21-4C36-BFF1-3F7C1A56F0D4}.Debug|Any CPU.ActiveCfg = Debug|Any CPU
		{2FAECDE3-8D21-4C36-BFF1-3F7C1A56F0D4}.Debug|Any CPU.Build.0 = Debug|Any CPU
		{2FAECDE3-8D21-4C36-BFF1-3F7C1A56F0D4}.Release|Any CPU.ActiveCfg = Release|Any CPU
		{2FAECDE3-8D21-4C36-BFF1-3F7C1A56F0D4}.Release|Any CPU.Build.0 = Release|Any CPU
		{C360A0D5-1671-4738-BC5D-BED0E8A24D66}.Debug|Any CPU.ActiveCfg = Debug|Any CPU
		{C360A0D5-1671-4738-BC5D-BED0E8A24D66}.Debug|Any CPU.Build.0 = Debug|Any CPU
		{C360A0D5-1671-4738-BC5D-BED0E8A24D66}.Release|Any CPU.ActiveCfg = Release|Any CPU
		{C360A0D5-1671-4738-BC5D-BED0E8A24D66}.Release|Any CPU.Build.0 = Release|Any CPU
		{CA63CC7B-BE27-4737-AE91-42E43F729A1E}.Debug|Any CPU.ActiveCfg = Debug|Any CPU
		{CA63CC7B-BE27-4737-AE91-42E43F729A1E}.Debug|Any CPU.Build.0 = Debug|Any CPU
		{CA63CC7B-BE27-4737-AE91-42E43F729A1E}.Release|Any CPU.ActiveCfg = Release|Any CPU
		{CA63CC7B-BE27-4737-AE91-42E43F729A1E}.Release|Any CPU.Build.0 = Release|Any CPU
		{8F112368-2E45-4C3A-922E-85AB6056F559}.Debug|Any CPU.ActiveCfg = Debug|Any CPU
		{8F112368-2E45-4C3A-922E-85AB6056F559}.Debug|Any CPU.Build.0 = Debug|Any CPU
		{8F112368-2E45-4C3A-922E-85AB6056F559}.Release|Any CPU.ActiveCfg = Release|Any CPU
		{8F112368-2E45-4C3A-922E-85AB6056F559}.Release|Any CPU.Build.0 = Release|Any CPU
		{E18F8C70-7448-4039-9D78-1369D7F498EF}.Debug|Any CPU.ActiveCfg = Debug|Any CPU
		{E18F8C70-7448-4039-9D78-1369D7F498EF}.Debug|Any CPU.Build.0 = Debug|Any CPU
		{E18F8C70-7448-4039-9D78-1369D7F498EF}.Release|Any CPU.ActiveCfg = Release|Any CPU
		{E18F8C70-7448-4039-9D78-1369D7F498EF}.Release|Any CPU.Build.0 = Release|Any CPU
		{2DD3CB7D-462E-4039-B684-81B1E88C7C6A}.Debug|Any CPU.ActiveCfg = Debug|Any CPU
		{2DD3CB7D-462E-4039-B684-81B1E88C7C6A}.Debug|Any CPU.Build.0 = Debug|Any CPU
		{2DD3CB7D-462E-4039-B684-81B1E88C7C6A}.Release|Any CPU.ActiveCfg = Release|Any CPU
		{2DD3CB7D-462E-4039-B684-81B1E88C7C6A}.Release|Any CPU.Build.0 = Release|Any CPU
		{8230366D-81F9-4FA5-8F5D-8546B527F54F}.Debug|Any CPU.ActiveCfg = Debug|Any CPU
		{8230366D-81F9-4FA5-8F5D-8546B527F54F}.Debug|Any CPU.Build.0 = Debug|Any CPU
		{8230366D-81F9-4FA5-8F5D-8546B527F54F}.Release|Any CPU.ActiveCfg = Release|Any CPU
		{8230366D-81F9-4FA5-8F5D-8546B527F54F}.Release|Any CPU.Build.0 = Release|Any CPU
		{3ECDC91E-0D3E-4E4D-A34E-D33BB714578D}.Debug|Any CPU.ActiveCfg = Debug|Any CPU
		{3ECDC91E-0D3E-4E4D-A34E-D33BB714578D}.Debug|Any CPU.Build.0 = Debug|Any CPU
		{3ECDC91E-0D3E-4E4D-A34E-D33BB714578D}.Release|Any CPU.ActiveCfg = Release|Any CPU
		{3ECDC91E-0D3E-4E4D-A34E-D33BB714578D}.Release|Any CPU.Build.0 = Release|Any CPU
		{0A8A0DB7-0509-4DFB-9201-74398511B481}.Debug|Any CPU.ActiveCfg = Debug|Any CPU
		{0A8A0DB7-0509-4DFB-9201-74398511B481}.Debug|Any CPU.Build.0 = Debug|Any CPU
		{0A8A0DB7-0509-4DFB-9201-74398511B481}.Release|Any CPU.ActiveCfg = Release|Any CPU
		{0A8A0DB7-0509-4DFB-9201-74398511B481}.Release|Any CPU.Build.0 = Release|Any CPU
		{61B285F0-EE06-4AEE-AAF3-71492CBD11C5}.Debug|Any CPU.ActiveCfg = Debug|Any CPU
		{61B285F0-EE06-4AEE-AAF3-71492CBD11C5}.Debug|Any CPU.Build.0 = Debug|Any CPU
		{61B285F0-EE06-4AEE-AAF3-71492CBD11C5}.Release|Any CPU.ActiveCfg = Release|Any CPU
		{61B285F0-EE06-4AEE-AAF3-71492CBD11C5}.Release|Any CPU.Build.0 = Release|Any CPU
		{6DD24C2C-0FB5-4C37-8B42-5DACA0FDE4EC}.Debug|Any CPU.ActiveCfg = Debug|Any CPU
		{6DD24C2C-0FB5-4C37-8B42-5DACA0FDE4EC}.Debug|Any CPU.Build.0 = Debug|Any CPU
		{6DD24C2C-0FB5-4C37-8B42-5DACA0FDE4EC}.Release|Any CPU.ActiveCfg = Release|Any CPU
		{6DD24C2C-0FB5-4C37-8B42-5DACA0FDE4EC}.Release|Any CPU.Build.0 = Release|Any CPU
		{45FB23BE-A7F9-4172-8868-B5E387007644}.Debug|Any CPU.ActiveCfg = Debug|Any CPU
		{45FB23BE-A7F9-4172-8868-B5E387007644}.Debug|Any CPU.Build.0 = Debug|Any CPU
		{45FB23BE-A7F9-4172-8868-B5E387007644}.Release|Any CPU.ActiveCfg = Release|Any CPU
		{45FB23BE-A7F9-4172-8868-B5E387007644}.Release|Any CPU.Build.0 = Release|Any CPU
		{D49A2D61-AEEB-457C-B3BA-D1322EB2F4EC}.Debug|Any CPU.ActiveCfg = Debug|Any CPU
		{D49A2D61-AEEB-457C-B3BA-D1322EB2F4EC}.Debug|Any CPU.Build.0 = Debug|Any CPU
		{D49A2D61-AEEB-457C-B3BA-D1322EB2F4EC}.Release|Any CPU.ActiveCfg = Release|Any CPU
		{D49A2D61-AEEB-457C-B3BA-D1322EB2F4EC}.Release|Any CPU.Build.0 = Release|Any CPU
		{C05451A2-CC77-4BCC-BD15-9F6CB2FD2EC2}.Debug|Any CPU.ActiveCfg = Debug|Any CPU
		{C05451A2-CC77-4BCC-BD15-9F6CB2FD2EC2}.Debug|Any CPU.Build.0 = Debug|Any CPU
		{C05451A2-CC77-4BCC-BD15-9F6CB2FD2EC2}.Release|Any CPU.ActiveCfg = Release|Any CPU
		{C05451A2-CC77-4BCC-BD15-9F6CB2FD2EC2}.Release|Any CPU.Build.0 = Release|Any CPU
		{077541F6-22DC-4681-A330-46E652F46FAD}.Debug|Any CPU.ActiveCfg = Debug|Any CPU
		{077541F6-22DC-4681-A330-46E652F46FAD}.Debug|Any CPU.Build.0 = Debug|Any CPU
		{077541F6-22DC-4681-A330-46E652F46FAD}.Release|Any CPU.ActiveCfg = Release|Any CPU
		{077541F6-22DC-4681-A330-46E652F46FAD}.Release|Any CPU.Build.0 = Release|Any CPU
		{B4222224-6279-4047-9F5A-95637B24EB05}.Debug|Any CPU.ActiveCfg = Debug|Any CPU
		{B4222224-6279-4047-9F5A-95637B24EB05}.Debug|Any CPU.Build.0 = Debug|Any CPU
		{B4222224-6279-4047-9F5A-95637B24EB05}.Release|Any CPU.ActiveCfg = Release|Any CPU
		{B4222224-6279-4047-9F5A-95637B24EB05}.Release|Any CPU.Build.0 = Release|Any CPU
		{B5654737-8A3E-48AF-A8E1-BE461BAAEAF9}.Debug|Any CPU.ActiveCfg = Debug|Any CPU
		{B5654737-8A3E-48AF-A8E1-BE461BAAEAF9}.Debug|Any CPU.Build.0 = Debug|Any CPU
		{B5654737-8A3E-48AF-A8E1-BE461BAAEAF9}.Release|Any CPU.ActiveCfg = Release|Any CPU
		{B5654737-8A3E-48AF-A8E1-BE461BAAEAF9}.Release|Any CPU.Build.0 = Release|Any CPU
	EndGlobalSection
	GlobalSection(SolutionProperties) = preSolution
		HideSolutionNode = FALSE
	EndGlobalSection
	GlobalSection(NestedProjects) = preSolution
		{E3713598-3375-4E81-9EC7-58DC090789BD} = {588205D4-3A30-4DA4-849D-C7422C396DAA}
		{D9F5B8B1-01F5-4996-8E75-A41532CF32CD} = {2A514C8F-6A53-41CA-AB41-B644E7BC92A7}
		{491B30A8-D4A1-42E8-8DEE-4093E0E45C36} = {EE588CE5-51D0-4E98-A2B3-40EC8E655931}
		{72F17B1A-88D9-47FD-AA35-1C700E51CD0E} = {63D44665-AC4C-45F4-A2C7-A7DB394F44C4}
		{2FAECDE3-8D21-4C36-BFF1-3F7C1A56F0D4} = {2A514C8F-6A53-41CA-AB41-B644E7BC92A7}
		{C360A0D5-1671-4738-BC5D-BED0E8A24D66} = {EE588CE5-51D0-4E98-A2B3-40EC8E655931}
		{CA63CC7B-BE27-4737-AE91-42E43F729A1E} = {EE588CE5-51D0-4E98-A2B3-40EC8E655931}
		{8F112368-2E45-4C3A-922E-85AB6056F559} = {588205D4-3A30-4DA4-849D-C7422C396DAA}
		{E18F8C70-7448-4039-9D78-1369D7F498EF} = {2A514C8F-6A53-41CA-AB41-B644E7BC92A7}
		{2DD3CB7D-462E-4039-B684-81B1E88C7C6A} = {2A514C8F-6A53-41CA-AB41-B644E7BC92A7}
		{8230366D-81F9-4FA5-8F5D-8546B527F54F} = {2A514C8F-6A53-41CA-AB41-B644E7BC92A7}
		{3ECDC91E-0D3E-4E4D-A34E-D33BB714578D} = {2A514C8F-6A53-41CA-AB41-B644E7BC92A7}
		{0A8A0DB7-0509-4DFB-9201-74398511B481} = {2A514C8F-6A53-41CA-AB41-B644E7BC92A7}
		{61B285F0-EE06-4AEE-AAF3-71492CBD11C5} = {EE588CE5-51D0-4E98-A2B3-40EC8E655931}
		{6DD24C2C-0FB5-4C37-8B42-5DACA0FDE4EC} = {588205D4-3A30-4DA4-849D-C7422C396DAA}
		{45FB23BE-A7F9-4172-8868-B5E387007644} = {2A514C8F-6A53-41CA-AB41-B644E7BC92A7}
		{D49A2D61-AEEB-457C-B3BA-D1322EB2F4EC} = {EE588CE5-51D0-4E98-A2B3-40EC8E655931}
		{C05451A2-CC77-4BCC-BD15-9F6CB2FD2EC2} = {0BC0CC4E-A0F1-45E8-B41A-AE0FA76BF3E5}
		{077541F6-22DC-4681-A330-46E652F46FAD} = {0BC0CC4E-A0F1-45E8-B41A-AE0FA76BF3E5}
		{B4222224-6279-4047-9F5A-95637B24EB05} = {0BC0CC4E-A0F1-45E8-B41A-AE0FA76BF3E5}
		{B5654737-8A3E-48AF-A8E1-BE461BAAEAF9} = {0BC0CC4E-A0F1-45E8-B41A-AE0FA76BF3E5}
	EndGlobalSection
	GlobalSection(ExtensibilityGlobals) = postSolution
		SolutionGuid = {B3166EDE-037B-4C68-BEBA-5DE9C5E3DB82}
	EndGlobalSection
EndGlobal
